
Microsoft Visual Studio Solution File, Format Version 12.00
# Visual Studio Version 17
VisualStudioVersion = 17.4.33110.190
MinimumVisualStudioVersion = 10.0.40219.1
Project("{FAE04EC0-301F-11D3-BF4B-00C04F79EFBC}") = "Schv3", "Schv3\Schv3.csproj", "{9F97AFC7-C436-4A3B-97B4-49897C36DC41}"
EndProject
Global
	GlobalSection(SolutionConfigurationPlatforms) = preSolution
		Debug|Any CPU = Debug|Any CPU
		Release|Any CPU = Release|Any CPU
	EndGlobalSection
	GlobalSection(ProjectConfigurationPlatforms) = postSolution
		{9F97AFC7-C436-4A3B-97B4-49897C36DC41}.Debug|Any CPU.ActiveCfg = Debug|Any CPU
		{9F97AFC7-C436-4A3B-97B4-49897C36DC41}.Debug|Any CPU.Build.0 = Debug|Any CPU
		{9F97AFC7-C436-4A3B-97B4-49897C36DC41}.Release|Any CPU.ActiveCfg = Release|Any CPU
		{9F97AFC7-C436-4A3B-97B4-49897C36DC41}.Release|Any CPU.Build.0 = Release|Any CPU
	EndGlobalSection
	GlobalSection(SolutionProperties) = preSolution
		HideSolutionNode = FALSE
	EndGlobalSection
	GlobalSection(ExtensibilityGlobals) = postSolution
		SolutionGuid = {3299E66D-2552-4613-957E-3A90A98C3AA5}
	EndGlobalSection
EndGlobal
